
Microsoft Visual Studio Solution File, Format Version 12.00
# Visual Studio 2012
Project("{8BC9CEB8-8B4A-11D0-8D11-00A0C91BC942}") = "Рисование точки", "Рисование точки.vcxproj", "{C358E29E-25EA-4226-8B31-72CBE59D9E6E}"
EndProject
Project("{8BC9CEB8-8B4A-11D0-8D11-00A0C91BC942}") = "DrawlingLib", "..\DrawlingLib\DrawlingLib.vcxproj", "{640CE37F-5D3C-4A33-82CC-1449EF54C9AD}"
EndProject
Global
	GlobalSection(SolutionConfigurationPlatforms) = preSolution
		Debug|Win32 = Debug|Win32
		Release|Win32 = Release|Win32
	EndGlobalSection
	GlobalSection(ProjectConfigurationPlatforms) = postSolution
		{C358E29E-25EA-4226-8B31-72CBE59D9E6E}.Debug|Win32.ActiveCfg = Debug|Win32
		{C358E29E-25EA-4226-8B31-72CBE59D9E6E}.Debug|Win32.Build.0 = Debug|Win32
		{C358E29E-25EA-4226-8B31-72CBE59D9E6E}.Release|Win32.ActiveCfg = Release|Win32
		{C358E29E-25EA-4226-8B31-72CBE59D9E6E}.Release|Win32.Build.0 = Release|Win32
		{640CE37F-5D3C-4A33-82CC-1449EF54C9AD}.Debug|Win32.ActiveCfg = Debug|Win32
		{640CE37F-5D3C-4A33-82CC-1449EF54C9AD}.Debug|Win32.Build.0 = Debug|Win32
		{640CE37F-5D3C-4A33-82CC-1449EF54C9AD}.Release|Win32.ActiveCfg = Release|Win32
		{640CE37F-5D3C-4A33-82CC-1449EF54C9AD}.Release|Win32.Build.0 = Release|Win32
	EndGlobalSection
	GlobalSection(SolutionProperties) = preSolution
		HideSolutionNode = FALSE
	EndGlobalSection
EndGlobal
